Microsoft Visual Studio Solution File, Format Version 12.00
# Visual Studio Version 17
VisualStudioVersion = 17.5.2.0
MinimumVisualStudioVersion = 10.0.40219.1
Project("{FAE04EC0-301F-11D3-BF4B-00C04F79EFBC}") = "RegistrationApi", "RegistrationApi.csproj", "{DA797445-9BBA-2A4C-EEDD-2D31DF9CF02D}"
EndProject
Global
	GlobalSection(SolutionConfigurationPlatforms) = preSolution
		Debug|Any CPU = Debug|Any CPU
		Release|Any CPU = Release|Any CPU
	EndGlobalSection
	GlobalSection(ProjectConfigurationPlatforms) = postSolution
		{DA797445-9BBA-2A4C-EEDD-2D31DF9CF02D}.Debug|Any CPU.ActiveCfg = Debug|Any CPU
		{DA797445-9BBA-2A4C-EEDD-2D31DF9CF02D}.Debug|Any CPU.Build.0 = Debug|Any CPU
		{DA797445-9BBA-2A4C-EEDD-2D31DF9CF02D}.Release|Any CPU.ActiveCfg = Release|Any CPU
		{DA797445-9BBA-2A4C-EEDD-2D31DF9CF02D}.Release|Any CPU.Build.0 = Release|Any CPU
	EndGlobalSection
	GlobalSection(SolutionProperties) = preSolution
		HideSolutionNode = FALSE
	EndGlobalSection
	GlobalSection(ExtensibilityGlobals) = postSolution
		SolutionGuid = {BBC77093-1285-4678-9206-12630154C920}
	EndGlobalSection
EndGlobal
